// !$*UTF8*$!
{
	archiveVersion = 1;
	classes = {
	};
	objectVersion = 52;
	objects = {

/* Begin PBXBuildFile section */
		4E573F9E241C93CC00024204 /* NewsAPIRequestDelegate.swift in Sources */ = {isa = PBXBuildFile; fileRef = 4E573F9D241C93CC00024204 /* NewsAPIRequestDelegate.swift */; };
		4E573FA0241C986B00024204 /* AlertText.swift in Sources */ = {isa = PBXBuildFile; fileRef = 4E573F9F241C986B00024204 /* AlertText.swift */; };
		4E573FA2241C9A8F00024204 /* NewsViewController.swift in Sources */ = {isa = PBXBuildFile; fileRef = 4E573FA1241C9A8F00024204 /* NewsViewController.swift */; };
		4E573FA8241CC08600024204 /* NewsCell.swift in Sources */ = {isa = PBXBuildFile; fileRef = 4E573FA7241CC08600024204 /* NewsCell.swift */; };
		4E573FAA241CD25D00024204 /* ImageNames.swift in Sources */ = {isa = PBXBuildFile; fileRef = 4E573FA9241CD25D00024204 /* ImageNames.swift */; };
		4E573FAC241D038900024204 /* DetailViewController.swift in Sources */ = {isa = PBXBuildFile; fileRef = 4E573FAB241D038900024204 /* DetailViewController.swift */; };
		4E573FB0241D070A00024204 /* RouteManager.swift in Sources */ = {isa = PBXBuildFile; fileRef = 4E573FAF241D070A00024204 /* RouteManager.swift */; };
		4E573FB2241D095800024204 /* OriginalNewsViewController.swift in Sources */ = {isa = PBXBuildFile; fileRef = 4E573FB1241D095800024204 /* OriginalNewsViewController.swift */; };
		4E573FB7241DDDD600024204 /* PreferencesViewModel.swift in Sources */ = {isa = PBXBuildFile; fileRef = 4E573FB6241DDDD600024204 /* PreferencesViewModel.swift */; };
		4E573FB9241DEC6600024204 /* UserDefaultManager.swift in Sources */ = {isa = PBXBuildFile; fileRef = 4E573FB8241DEC6600024204 /* UserDefaultManager.swift */; };
		4E573FBB241DED9500024204 /* Profile.swift in Sources */ = {isa = PBXBuildFile; fileRef = 4E573FBA241DED9500024204 /* Profile.swift */; };
		4EBCFDDC241C81A6002F6644 /* AppDelegate.swift in Sources */ = {isa = PBXBuildFile; fileRef = 4EBCFDDB241C81A6002F6644 /* AppDelegate.swift */; };
		4EBCFDDE241C81A6002F6644 /* SceneDelegate.swift in Sources */ = {isa = PBXBuildFile; fileRef = 4EBCFDDD241C81A6002F6644 /* SceneDelegate.swift */; };
		4EBCFDE0241C81A6002F6644 /* HeadlineViewController.swift in Sources */ = {isa = PBXBuildFile; fileRef = 4EBCFDDF241C81A6002F6644 /* HeadlineViewController.swift */; };
		4EBCFDE2241C81A6002F6644 /* CustomNewsViewController.swift in Sources */ = {isa = PBXBuildFile; fileRef = 4EBCFDE1241C81A6002F6644 /* CustomNewsViewController.swift */; };
		4EBCFDE5241C81A6002F6644 /* Main.storyboard in Resources */ = {isa = PBXBuildFile; fileRef = 4EBCFDE3241C81A6002F6644 /* Main.storyboard */; };
		4EBCFDE7241C81A7002F6644 /* Assets.xcassets in Resources */ = {isa = PBXBuildFile; fileRef = 4EBCFDE6241C81A7002F6644 /* Assets.xcassets */; };
		4EBCFDEA241C81A7002F6644 /* LaunchScreen.storyboard in Resources */ = {isa = PBXBuildFile; fileRef = 4EBCFDE8241C81A7002F6644 /* LaunchScreen.storyboard */; };
		4EBCFDF5241C81A7002F6644 /* NewsAPITests.swift in Sources */ = {isa = PBXBuildFile; fileRef = 4EBCFDF4241C81A7002F6644 /* NewsAPITests.swift */; };
		4EBCFE00241C81A7002F6644 /* NewsAPIUITests.swift in Sources */ = {isa = PBXBuildFile; fileRef = 4EBCFDFF241C81A7002F6644 /* NewsAPIUITests.swift */; };
		4EBCFE0E241C8524002F6644 /* ProfileViewController.swift in Sources */ = {isa = PBXBuildFile; fileRef = 4EBCFE0D241C8524002F6644 /* ProfileViewController.swift */; };
		4EBCFE16241C883E002F6644 /* RxAlamofire in Frameworks */ = {isa = PBXBuildFile; productRef = 4EBCFE15241C883E002F6644 /* RxAlamofire */; };
		4EBCFE19241C88AC002F6644 /* Kingfisher in Frameworks */ = {isa = PBXBuildFile; productRef = 4EBCFE18241C88AC002F6644 /* Kingfisher */; };
		4EBCFE1B241C88D0002F6644 /* HeadlineViewModel.swift in Sources */ = {isa = PBXBuildFile; fileRef = 4EBCFE1A241C88D0002F6644 /* HeadlineViewModel.swift */; };
		4EBCFE1D241C88E4002F6644 /* CustomNewsViewModel.swift in Sources */ = {isa = PBXBuildFile; fileRef = 4EBCFE1C241C88E4002F6644 /* CustomNewsViewModel.swift */; };
		4EBCFE21241C8905002F6644 /* NewsViewModel.swift in Sources */ = {isa = PBXBuildFile; fileRef = 4EBCFE20241C8905002F6644 /* NewsViewModel.swift */; };
		4EBCFE23241C89D9002F6644 /* Article.swift in Sources */ = {isa = PBXBuildFile; fileRef = 4EBCFE22241C89D9002F6644 /* Article.swift */; };
		4EBCFE25241C8AC7002F6644 /* NewsAPIRequest.swift in Sources */ = {isa = PBXBuildFile; fileRef = 4EBCFE24241C8AC7002F6644 /* NewsAPIRequest.swift */; };
		4EBCFE27241C8B89002F6644 /* URLInformation.swift in Sources */ = {isa = PBXBuildFile; fileRef = 4EBCFE26241C8B89002F6644 /* URLInformation.swift */; };
		4EBCFE29241C8CFF002F6644 /* JSONParser.swift in Sources */ = {isa = PBXBuildFile; fileRef = 4EBCFE28241C8CFF002F6644 /* JSONParser.swift */; };
/* End PBXBuildFile section */

/* Begin PBXContainerItemProxy section */
		4EBCFDF1241C81A7002F6644 /* PBXContainerItemProxy */ = {
			isa = PBXContainerItemProxy;
			containerPortal = 4EBCFDD0241C81A6002F6644 /* Project object */;
			proxyType = 1;
			remoteGlobalIDString = 4EBCFDD7241C81A6002F6644;
			remoteInfo = NewsAPI;
		};
		4EBCFDFC241C81A7002F6644 /* PBXContainerItemProxy */ = {
			isa = PBXContainerItemProxy;
			containerPortal = 4EBCFDD0241C81A6002F6644 /* Project object */;
			proxyType = 1;
			remoteGlobalIDString = 4EBCFDD7241C81A6002F6644;
			remoteInfo = NewsAPI;
		};
/* End PBXContainerItemProxy section */

/* Begin PBXFileReference section */
		4E573F9D241C93CC00024204 /* NewsAPIRequestDelegate.swift */ = {isa = PBXFileReference; lastKnownFileType = sourcecode.swift; path = NewsAPIRequestDelegate.swift; sourceTree = "<group>"; };
		4E573F9F241C986B00024204 /* AlertText.swift */ = {isa = PBXFileReference; lastKnownFileType = sourcecode.swift; path = AlertText.swift; sourceTree = "<group>"; };
		4E573FA1241C9A8F00024204 /* NewsViewController.swift */ = {isa = PBXFileReference; lastKnownFileType = sourcecode.swift; path = NewsViewController.swift; sourceTree = "<group>"; };
		4E573FA7241CC08600024204 /* NewsCell.swift */ = {isa = PBXFileReference; lastKnownFileType = sourcecode.swift; path = NewsCell.swift; sourceTree = "<group>"; };
		4E573FA9241CD25D00024204 /* ImageNames.swift */ = {isa = PBXFileReference; lastKnownFileType = sourcecode.swift; path = ImageNames.swift; sourceTree = "<group>"; };
		4E573FAB241D038900024204 /* DetailViewController.swift */ = {isa = PBXFileReference; lastKnownFileType = sourcecode.swift; path = DetailViewController.swift; sourceTree = "<group>"; };
		4E573FAF241D070A00024204 /* RouteManager.swift */ = {isa = PBXFileReference; lastKnownFileType = sourcecode.swift; path = RouteManager.swift; sourceTree = "<group>"; };
		4E573FB1241D095800024204 /* OriginalNewsViewController.swift */ = {isa = PBXFileReference; lastKnownFileType = sourcecode.swift; path = OriginalNewsViewController.swift; sourceTree = "<group>"; };
		4E573FB6241DDDD600024204 /* PreferencesViewModel.swift */ = {isa = PBXFileReference; lastKnownFileType = sourcecode.swift; path = PreferencesViewModel.swift; sourceTree = "<group>"; };
		4E573FB8241DEC6600024204 /* UserDefaultManager.swift */ = {isa = PBXFileReference; lastKnownFileType = sourcecode.swift; path = UserDefaultManager.swift; sourceTree = "<group>"; };
		4E573FBA241DED9500024204 /* Profile.swift */ = {isa = PBXFileReference; lastKnownFileType = sourcecode.swift; path = Profile.swift; sourceTree = "<group>"; };
		4EBCFDD8241C81A6002F6644 /* NewsAPI.app */ = {isa = PBXFileReference; explicitFileType = wrapper.application; includeInIndex = 0; path = NewsAPI.app; sourceTree = BUILT_PRODUCTS_DIR; };
		4EBCFDDB241C81A6002F6644 /* AppDelegate.swift */ = {isa = PBXFileReference; lastKnownFileType = sourcecode.swift; path = AppDelegate.swift; sourceTree = "<group>"; };
		4EBCFDDD241C81A6002F6644 /* SceneDelegate.swift */ = {isa = PBXFileReference; lastKnownFileType = sourcecode.swift; path = SceneDelegate.swift; sourceTree = "<group>"; };
		4EBCFDDF241C81A6002F6644 /* HeadlineViewController.swift */ = {isa = PBXFileReference; lastKnownFileType = sourcecode.swift; path = HeadlineViewController.swift; sourceTree = "<group>"; };
		4EBCFDE1241C81A6002F6644 /* CustomNewsViewController.swift */ = {isa = PBXFileReference; lastKnownFileType = sourcecode.swift; path = CustomNewsViewController.swift; sourceTree = "<group>"; };
		4EBCFDE4241C81A6002F6644 /* Base */ = {isa = PBXFileReference; lastKnownFileType = file.storyboard; name = Base; path = Base.lproj/Main.storyboard; sourceTree = "<group>"; };
		4EBCFDE6241C81A7002F6644 /* Assets.xcassets */ = {isa = PBXFileReference; lastKnownFileType = folder.assetcatalog; path = Assets.xcassets; sourceTree = "<group>"; };
		4EBCFDE9241C81A7002F6644 /* Base */ = {isa = PBXFileReference; lastKnownFileType = file.storyboard; name = Base; path = Base.lproj/LaunchScreen.storyboard; sourceTree = "<group>"; };
		4EBCFDEB241C81A7002F6644 /* Info.plist */ = {isa = PBXFileReference; lastKnownFileType = text.plist.xml; path = Info.plist; sourceTree = "<group>"; };
		4EBCFDF0241C81A7002F6644 /* NewsAPITests.xctest */ = {isa = PBXFileReference; explicitFileType = wrapper.cfbundle; includeInIndex = 0; path = NewsAPITests.xctest; sourceTree = BUILT_PRODUCTS_DIR; };
		4EBCFDF4241C81A7002F6644 /* NewsAPITests.swift */ = {isa = PBXFileReference; lastKnownFileType = sourcecode.swift; path = NewsAPITests.swift; sourceTree = "<group>"; };
		4EBCFDF6241C81A7002F6644 /* Info.plist */ = {isa = PBXFileReference; lastKnownFileType = text.plist.xml; path = Info.plist; sourceTree = "<group>"; };
		4EBCFDFB241C81A7002F6644 /* NewsAPIUITests.xctest */ = {isa = PBXFileReference; explicitFileType = wrapper.cfbundle; includeInIndex = 0; path = NewsAPIUITests.xctest; sourceTree = BUILT_PRODUCTS_DIR; };
		4EBCFDFF241C81A7002F6644 /* NewsAPIUITests.swift */ = {isa = PBXFileReference; lastKnownFileType = sourcecode.swift; path = NewsAPIUITests.swift; sourceTree = "<group>"; };
		4EBCFE01241C81A7002F6644 /* Info.plist */ = {isa = PBXFileReference; lastKnownFileType = text.plist.xml; path = Info.plist; sourceTree = "<group>"; };
		4EBCFE0D241C8524002F6644 /* ProfileViewController.swift */ = {isa = PBXFileReference; lastKnownFileType = sourcecode.swift; path = ProfileViewController.swift; sourceTree = "<group>"; };
		4EBCFE1A241C88D0002F6644 /* HeadlineViewModel.swift */ = {isa = PBXFileReference; lastKnownFileType = sourcecode.swift; path = HeadlineViewModel.swift; sourceTree = "<group>"; };
		4EBCFE1C241C88E4002F6644 /* CustomNewsViewModel.swift */ = {isa = PBXFileReference; lastKnownFileType = sourcecode.swift; path = CustomNewsViewModel.swift; sourceTree = "<group>"; };
		4EBCFE20241C8905002F6644 /* NewsViewModel.swift */ = {isa = PBXFileReference; lastKnownFileType = sourcecode.swift; path = NewsViewModel.swift; sourceTree = "<group>"; };
		4EBCFE22241C89D9002F6644 /* Article.swift */ = {isa = PBXFileReference; lastKnownFileType = sourcecode.swift; path = Article.swift; sourceTree = "<group>"; };
		4EBCFE24241C8AC7002F6644 /* NewsAPIRequest.swift */ = {isa = PBXFileReference; lastKnownFileType = sourcecode.swift; path = NewsAPIRequest.swift; sourceTree = "<group>"; };
		4EBCFE26241C8B89002F6644 /* URLInformation.swift */ = {isa = PBXFileReference; lastKnownFileType = sourcecode.swift; path = URLInformation.swift; sourceTree = "<group>"; };
		4EBCFE28241C8CFF002F6644 /* JSONParser.swift */ = {isa = PBXFileReference; lastKnownFileType = sourcecode.swift; path = JSONParser.swift; sourceTree = "<group>"; };
/* End PBXFileReference section */

/* Begin PBXFrameworksBuildPhase section */
		4EBCFDD5241C81A6002F6644 /* Frameworks */ = {
			isa = PBXFrameworksBuildPhase;
			buildActionMask = 2147483647;
			files = (
				4EBCFE19241C88AC002F6644 /* Kingfisher in Frameworks */,
				4EBCFE16241C883E002F6644 /* RxAlamofire in Frameworks */,
			);
			runOnlyForDeploymentPostprocessing = 0;
		};
		4EBCFDED241C81A7002F6644 /* Frameworks */ = {
			isa = PBXFrameworksBuildPhase;
			buildActionMask = 2147483647;
			files = (
			);
			runOnlyForDeploymentPostprocessing = 0;
		};
		4EBCFDF8241C81A7002F6644 /* Frameworks */ = {
			isa = PBXFrameworksBuildPhase;
			buildActionMask = 2147483647;
			files = (
			);
			runOnlyForDeploymentPostprocessing = 0;
		};
/* End PBXFrameworksBuildPhase section */

/* Begin PBXGroup section */
		4E573F9C241C93A600024204 /* Protocol */ = {
			isa = PBXGroup;
			children = (
				4E573F9D241C93CC00024204 /* NewsAPIRequestDelegate.swift */,
			);
			path = Protocol;
			sourceTree = "<group>";
		};
		4EBCFDCF241C81A6002F6644 = {
			isa = PBXGroup;
			children = (
				4EBCFDDA241C81A6002F6644 /* NewsAPI */,
				4EBCFDF3241C81A7002F6644 /* NewsAPITests */,
				4EBCFDFE241C81A7002F6644 /* NewsAPIUITests */,
				4EBCFDD9241C81A6002F6644 /* Products */,
			);
			sourceTree = "<group>";
		};
		4EBCFDD9241C81A6002F6644 /* Products */ = {
			isa = PBXGroup;
			children = (
				4EBCFDD8241C81A6002F6644 /* NewsAPI.app */,
				4EBCFDF0241C81A7002F6644 /* NewsAPITests.xctest */,
				4EBCFDFB241C81A7002F6644 /* NewsAPIUITests.xctest */,
			);
			name = Products;
			sourceTree = "<group>";
		};
		4EBCFDDA241C81A6002F6644 /* NewsAPI */ = {
			isa = PBXGroup;
			children = (
				4E573F9C241C93A600024204 /* Protocol */,
				4EBCFE13241C86B4002F6644 /* Common */,
				4EBCFE12241C86A1002F6644 /* Network */,
				4EBCFE11241C8698002F6644 /* Model */,
				4EBCFE0F241C8675002F6644 /* ViewModel */,
				4EBCFE10241C8687002F6644 /* View */,
				4EBCFDDB241C81A6002F6644 /* AppDelegate.swift */,
				4EBCFDDD241C81A6002F6644 /* SceneDelegate.swift */,
				4EBCFDE6241C81A7002F6644 /* Assets.xcassets */,
				4EBCFDEB241C81A7002F6644 /* Info.plist */,
			);
			path = NewsAPI;
			sourceTree = "<group>";
		};
		4EBCFDF3241C81A7002F6644 /* NewsAPITests */ = {
			isa = PBXGroup;
			children = (
				4EBCFDF4241C81A7002F6644 /* NewsAPITests.swift */,
				4EBCFDF6241C81A7002F6644 /* Info.plist */,
			);
			path = NewsAPITests;
			sourceTree = "<group>";
		};
		4EBCFDFE241C81A7002F6644 /* NewsAPIUITests */ = {
			isa = PBXGroup;
			children = (
				4EBCFDFF241C81A7002F6644 /* NewsAPIUITests.swift */,
				4EBCFE01241C81A7002F6644 /* Info.plist */,
			);
			path = NewsAPIUITests;
			sourceTree = "<group>";
		};
		4EBCFE0F241C8675002F6644 /* ViewModel */ = {
			isa = PBXGroup;
			children = (
				4EBCFE20241C8905002F6644 /* NewsViewModel.swift */,
				4EBCFE1A241C88D0002F6644 /* HeadlineViewModel.swift */,
				4EBCFE1C241C88E4002F6644 /* CustomNewsViewModel.swift */,
				4E573FB6241DDDD600024204 /* PreferencesViewModel.swift */,
			);
			path = ViewModel;
			sourceTree = "<group>";
		};
		4EBCFE10241C8687002F6644 /* View */ = {
			isa = PBXGroup;
			children = (
				4E573FA1241C9A8F00024204 /* NewsViewController.swift */,
				4EBCFDDF241C81A6002F6644 /* HeadlineViewController.swift */,
				4EBCFDE1241C81A6002F6644 /* CustomNewsViewController.swift */,
				4EBCFE0D241C8524002F6644 /* ProfileViewController.swift */,
				4E573FAB241D038900024204 /* DetailViewController.swift */,
				4E573FB1241D095800024204 /* OriginalNewsViewController.swift */,
				4E573FA7241CC08600024204 /* NewsCell.swift */,
				4EBCFDE3241C81A6002F6644 /* Main.storyboard */,
				4EBCFDE8241C81A7002F6644 /* LaunchScreen.storyboard */,
			);
			path = View;
			sourceTree = "<group>";
		};
		4EBCFE11241C8698002F6644 /* Model */ = {
			isa = PBXGroup;
			children = (
				4EBCFE22241C89D9002F6644 /* Article.swift */,
				4E573FBA241DED9500024204 /* Profile.swift */,
			);
			path = Model;
			sourceTree = "<group>";
		};
		4EBCFE12241C86A1002F6644 /* Network */ = {
			isa = PBXGroup;
			children = (
				4EBCFE24241C8AC7002F6644 /* NewsAPIRequest.swift */,
			);
			path = Network;
			sourceTree = "<group>";
		};
		4EBCFE13241C86B4002F6644 /* Common */ = {
			isa = PBXGroup;
			children = (
				4EBCFE26241C8B89002F6644 /* URLInformation.swift */,
				4EBCFE28241C8CFF002F6644 /* JSONParser.swift */,
				4E573F9F241C986B00024204 /* AlertText.swift */,
				4E573FA9241CD25D00024204 /* ImageNames.swift */,
				4E573FAF241D070A00024204 /* RouteManager.swift */,
				4E573FB8241DEC6600024204 /* UserDefaultManager.swift */,
			);
			path = Common;
			sourceTree = "<group>";
		};
/* End PBXGroup section */

/* Begin PBXNativeTarget section */
		4EBCFDD7241C81A6002F6644 /* NewsAPI */ = {
			isa = PBXNativeTarget;
			buildConfigurationList = 4EBCFE04241C81A7002F6644 /* Build configuration list for PBXNativeTarget "NewsAPI" */;
			buildPhases = (
				4EBCFDD4241C81A6002F6644 /* Sources */,
				4EBCFDD5241C81A6002F6644 /* Frameworks */,
				4EBCFDD6241C81A6002F6644 /* Resources */,
			);
			buildRules = (
			);
			dependencies = (
			);
			name = NewsAPI;
			packageProductDependencies = (
				4EBCFE15241C883E002F6644 /* RxAlamofire */,
				4EBCFE18241C88AC002F6644 /* Kingfisher */,
			);
			productName = NewsAPI;
			productReference = 4EBCFDD8241C81A6002F6644 /* NewsAPI.app */;
			productType = "com.apple.product-type.application";
		};
		4EBCFDEF241C81A7002F6644 /* NewsAPITests */ = {
			isa = PBXNativeTarget;
			buildConfigurationList = 4EBCFE07241C81A7002F6644 /* Build configuration list for PBXNativeTarget "NewsAPITests" */;
			buildPhases = (
				4EBCFDEC241C81A7002F6644 /* Sources */,
				4EBCFDED241C81A7002F6644 /* Frameworks */,
				4EBCFDEE241C81A7002F6644 /* Resources */,
			);
			buildRules = (
			);
			dependencies = (
				4EBCFDF2241C81A7002F6644 /* PBXTargetDependency */,
			);
			name = NewsAPITests;
			productName = NewsAPITests;
			productReference = 4EBCFDF0241C81A7002F6644 /* NewsAPITests.xctest */;
			productType = "com.apple.product-type.bundle.unit-test";
		};
		4EBCFDFA241C81A7002F6644 /* NewsAPIUITests */ = {
			isa = PBXNativeTarget;
			buildConfigurationList = 4EBCFE0A241C81A7002F6644 /* Build configuration list for PBXNativeTarget "NewsAPIUITests" */;
			buildPhases = (
				4EBCFDF7241C81A7002F6644 /* Sources */,
				4EBCFDF8241C81A7002F6644 /* Frameworks */,
				4EBCFDF9241C81A7002F6644 /* Resources */,
			);
			buildRules = (
			);
			dependencies = (
				4EBCFDFD241C81A7002F6644 /* PBXTargetDependency */,
			);
			name = NewsAPIUITests;
			productName = NewsAPIUITests;
			productReference = 4EBCFDFB241C81A7002F6644 /* NewsAPIUITests.xctest */;
			productType = "com.apple.product-type.bundle.ui-testing";
		};
/* End PBXNativeTarget section */

/* Begin PBXProject section */
		4EBCFDD0241C81A6002F6644 /* Project object */ = {
			isa = PBXProject;
			attributes = {
				LastSwiftUpdateCheck = 1130;
				LastUpgradeCheck = 1130;
				ORGANIZATIONNAME = "Cuong Do Hung";
				TargetAttributes = {
					4EBCFDD7241C81A6002F6644 = {
						CreatedOnToolsVersion = 11.3.1;
					};
					4EBCFDEF241C81A7002F6644 = {
						CreatedOnToolsVersion = 11.3.1;
						TestTargetID = 4EBCFDD7241C81A6002F6644;
					};
					4EBCFDFA241C81A7002F6644 = {
						CreatedOnToolsVersion = 11.3.1;
						TestTargetID = 4EBCFDD7241C81A6002F6644;
					};
				};
			};
			buildConfigurationList = 4EBCFDD3241C81A6002F6644 /* Build configuration list for PBXProject "NewsAPI" */;
			compatibilityVersion = "Xcode 9.3";
			developmentRegion = en;
			hasScannedForEncodings = 0;
			knownRegions = (
				en,
				Base,
			);
			mainGroup = 4EBCFDCF241C81A6002F6644;
			packageReferences = (
				4EBCFE14241C883E002F6644 /* XCRemoteSwiftPackageReference "RxAlamofire" */,
				4EBCFE17241C88AC002F6644 /* XCRemoteSwiftPackageReference "Kingfisher" */,
			);
			productRefGroup = 4EBCFDD9241C81A6002F6644 /* Products */;
			projectDirPath = "";
			projectRoot = "";
			targets = (
				4EBCFDD7241C81A6002F6644 /* NewsAPI */,
				4EBCFDEF241C81A7002F6644 /* NewsAPITests */,
				4EBCFDFA241C81A7002F6644 /* NewsAPIUITests */,
			);
		};
/* End PBXProject section */

/* Begin PBXResourcesBuildPhase section */
		4EBCFDD6241C81A6002F6644 /* Resources */ = {
			isa = PBXResourcesBuildPhase;
			buildActionMask = 2147483647;
			files = (
				4EBCFDEA241C81A7002F6644 /* LaunchScreen.storyboard in Resources */,
				4EBCFDE7241C81A7002F6644 /* Assets.xcassets in Resources */,
				4EBCFDE5241C81A6002F6644 /* Main.storyboard in Resources */,
			);
			runOnlyForDeploymentPostprocessing = 0;
		};
		4EBCFDEE241C81A7002F6644 /* Resources */ = {
			isa = PBXResourcesBuildPhase;
			buildActionMask = 2147483647;
			files = (
			);
			runOnlyForDeploymentPostprocessing = 0;
		};
		4EBCFDF9241C81A7002F6644 /* Resources */ = {
			isa = PBXResourcesBuildPhase;
			buildActionMask = 2147483647;
			files = (
			);
			runOnlyForDeploymentPostprocessing = 0;
		};
/* End PBXResourcesBuildPhase section */

/* Begin PBXSourcesBuildPhase section */
		4EBCFDD4241C81A6002F6644 /* Sources */ = {
			isa = PBXSourcesBuildPhase;
			buildActionMask = 2147483647;
			files = (
				4EBCFE1D241C88E4002F6644 /* CustomNewsViewModel.swift in Sources */,
				4E573FA0241C986B00024204 /* AlertText.swift in Sources */,
				4EBCFDE2241C81A6002F6644 /* CustomNewsViewController.swift in Sources */,
				4E573FBB241DED9500024204 /* Profile.swift in Sources */,
				4E573FA2241C9A8F00024204 /* NewsViewController.swift in Sources */,
				4E573F9E241C93CC00024204 /* NewsAPIRequestDelegate.swift in Sources */,
				4EBCFE29241C8CFF002F6644 /* JSONParser.swift in Sources */,
				4EBCFE23241C89D9002F6644 /* Article.swift in Sources */,
				4EBCFDE0241C81A6002F6644 /* HeadlineViewController.swift in Sources */,
				4E573FAA241CD25D00024204 /* ImageNames.swift in Sources */,
				4E573FAC241D038900024204 /* DetailViewController.swift in Sources */,
				4E573FB7241DDDD600024204 /* PreferencesViewModel.swift in Sources */,
				4EBCFE0E241C8524002F6644 /* ProfileViewController.swift in Sources */,
				4E573FB2241D095800024204 /* OriginalNewsViewController.swift in Sources */,
				4EBCFDDC241C81A6002F6644 /* AppDelegate.swift in Sources */,
				4EBCFE1B241C88D0002F6644 /* HeadlineViewModel.swift in Sources */,
				4EBCFE25241C8AC7002F6644 /* NewsAPIRequest.swift in Sources */,
				4E573FB0241D070A00024204 /* RouteManager.swift in Sources */,
				4EBCFE27241C8B89002F6644 /* URLInformation.swift in Sources */,
				4E573FB9241DEC6600024204 /* UserDefaultManager.swift in Sources */,
				4E573FA8241CC08600024204 /* NewsCell.swift in Sources */,
				4EBCFDDE241C81A6002F6644 /* SceneDelegate.swift in Sources */,
				4EBCFE21241C8905002F6644 /* NewsViewModel.swift in Sources */,
			);
			runOnlyForDeploymentPostprocessing = 0;
		};
		4EBCFDEC241C81A7002F6644 /* Sources */ = {
			isa = PBXSourcesBuildPhase;
			buildActionMask = 2147483647;
			files = (
				4EBCFDF5241C81A7002F6644 /* NewsAPITests.swift in Sources */,
			);
			runOnlyForDeploymentPostprocessing = 0;
		};
		4EBCFDF7241C81A7002F6644 /* Sources */ = {
			isa = PBXSourcesBuildPhase;
			buildActionMask = 2147483647;
			files = (
				4EBCFE00241C81A7002F6644 /* NewsAPIUITests.swift in Sources */,
			);
			runOnlyForDeploymentPostprocessing = 0;
		};
/* End PBXSourcesBuildPhase section */

/* Begin PBXTargetDependency section */
		4EBCFDF2241C81A7002F6644 /* PBXTargetDependency */ = {
			isa = PBXTargetDependency;
			target = 4EBCFDD7241C81A6002F6644 /* NewsAPI */;
			targetProxy = 4EBCFDF1241C81A7002F6644 /* PBXContainerItemProxy */;
		};
		4EBCFDFD241C81A7002F6644 /* PBXTargetDependency */ = {
			isa = PBXTargetDependency;
			target = 4EBCFDD7241C81A6002F6644 /* NewsAPI */;
			targetProxy = 4EBCFDFC241C81A7002F6644 /* PBXContainerItemProxy */;
		};
/* End PBXTargetDependency section */

/* Begin PBXVariantGroup section */
		4EBCFDE3241C81A6002F6644 /* Main.storyboard */ = {
			isa = PBXVariantGroup;
			children = (
				4EBCFDE4241C81A6002F6644 /* Base */,
			);
			name = Main.storyboard;
			sourceTree = "<group>";
		};
		4EBCFDE8241C81A7002F6644 /* LaunchScreen.storyboard */ = {
			isa = PBXVariantGroup;
			children = (
				4EBCFDE9241C81A7002F6644 /* Base */,
			);
			name = LaunchScreen.storyboard;
			sourceTree = "<group>";
		};
/* End PBXVariantGroup section */

/* Begin XCBuildConfiguration section */
		4EBCFE02241C81A7002F6644 /* Debug */ = {
			isa = XCBuildConfiguration;
			buildSettings = {
				ALWAYS_SEARCH_USER_PATHS = NO;
				CLANG_ANALYZER_NONNULL = YES;
				CLANG_ANALYZER_NUMBER_OBJECT_CONVERSION = YES_AGGRESSIVE;
				CLANG_CXX_LANGUAGE_STANDARD = "gnu++14";
				CLANG_CXX_LIBRARY = "libc++";
				CLANG_ENABLE_MODULES = YES;
				CLANG_ENABLE_OBJC_ARC = YES;
				CLANG_ENABLE_OBJC_WEAK = YES;
				CLANG_WARN_BLOCK_CAPTURE_AUTORELEASING = YES;
				CLANG_WARN_BOOL_CONVERSION = YES;
				CLANG_WARN_COMMA = YES;
				CLANG_WARN_CONSTANT_CONVERSION = YES;
				CLANG_WARN_DEPRECATED_OBJC_IMPLEMENTATIONS = YES;
				CLANG_WARN_DIRECT_OBJC_ISA_USAGE = YES_ERROR;
				CLANG_WARN_DOCUMENTATION_COMMENTS = YES;
				CLANG_WARN_EMPTY_BODY = YES;
				CLANG_WARN_ENUM_CONVERSION = YES;
				CLANG_WARN_INFINITE_RECURSION = YES;
				CLANG_WARN_INT_CONVERSION = YES;
				CLANG_WARN_NON_LITERAL_NULL_CONVERSION = YES;
				CLANG_WARN_OBJC_IMPLICIT_RETAIN_SELF = YES;
				CLANG_WARN_OBJC_LITERAL_CONVERSION = YES;
				CLANG_WARN_OBJC_ROOT_CLASS = YES_ERROR;
				CLANG_WARN_RANGE_LOOP_ANALYSIS = YES;
				CLANG_WARN_STRICT_PROTOTYPES = YES;
				CLANG_WARN_SUSPICIOUS_MOVE = YES;
				CLANG_WARN_UNGUARDED_AVAILABILITY = YES_AGGRESSIVE;
				CLANG_WARN_UNREACHABLE_CODE = YES;
				CLANG_WARN__DUPLICATE_METHOD_MATCH = YES;
				COPY_PHASE_STRIP = NO;
				DEBUG_INFORMATION_FORMAT = dwarf;
				ENABLE_STRICT_OBJC_MSGSEND = YES;
				ENABLE_TESTABILITY = YES;
				GCC_C_LANGUAGE_STANDARD = gnu11;
				GCC_DYNAMIC_NO_PIC = NO;
				GCC_NO_COMMON_BLOCKS = YES;
				GCC_OPTIMIZATION_LEVEL = 0;
				GCC_PREPROCESSOR_DEFINITIONS = (
					"DEBUG=1",
					"$(inherited)",
				);
				GCC_WARN_64_TO_32_BIT_CONVERSION = YES;
				GCC_WARN_ABOUT_RETURN_TYPE = YES_ERROR;
				GCC_WARN_UNDECLARED_SELECTOR = YES;
				GCC_WARN_UNINITIALIZED_AUTOS = YES_AGGRESSIVE;
				GCC_WARN_UNUSED_FUNCTION = YES;
				GCC_WARN_UNUSED_VARIABLE = YES;
				IPHONEOS_DEPLOYMENT_TARGET = 13.0;
				MTL_ENABLE_DEBUG_INFO = INCLUDE_SOURCE;
				MTL_FAST_MATH = YES;
				ONLY_ACTIVE_ARCH = YES;
				SDKROOT = iphoneos;
				SWIFT_ACTIVE_COMPILATION_CONDITIONS = DEBUG;
				SWIFT_OPTIMIZATION_LEVEL = "-Onone";
			};
			name = Debug;
		};
		4EBCFE03241C81A7002F6644 /* Release */ = {
			isa = XCBuildConfiguration;
			buildSettings = {
				ALWAYS_SEARCH_USER_PATHS = NO;
				CLANG_ANALYZER_NONNULL = YES;
				CLANG_ANALYZER_NUMBER_OBJECT_CONVERSION = YES_AGGRESSIVE;
				CLANG_CXX_LANGUAGE_STANDARD = "gnu++14";
				CLANG_CXX_LIBRARY = "libc++";
				CLANG_ENABLE_MODULES = YES;
				CLANG_ENABLE_OBJC_ARC = YES;
				CLANG_ENABLE_OBJC_WEAK = YES;
				CLANG_WARN_BLOCK_CAPTURE_AUTORELEASING = YES;
				CLANG_WARN_BOOL_CONVERSION = YES;
				CLANG_WARN_COMMA = YES;
				CLANG_WARN_CONSTANT_CONVERSION = YES;
				CLANG_WARN_DEPRECATED_OBJC_IMPLEMENTATIONS = YES;
				CLANG_WARN_DIRECT_OBJC_ISA_USAGE = YES_ERROR;
				CLANG_WARN_DOCUMENTATION_COMMENTS = YES;
				CLANG_WARN_EMPTY_BODY = YES;
				CLANG_WARN_ENUM_CONVERSION = YES;
				CLANG_WARN_INFINITE_RECURSION = YES;
				CLANG_WARN_INT_CONVERSION = YES;
				CLANG_WARN_NON_LITERAL_NULL_CONVERSION = YES;
				CLANG_WARN_OBJC_IMPLICIT_RETAIN_SELF = YES;
				CLANG_WARN_OBJC_LITERAL_CONVERSION = YES;
				CLANG_WARN_OBJC_ROOT_CLASS = YES_ERROR;
				CLANG_WARN_RANGE_LOOP_ANALYSIS = YES;
				CLANG_WARN_STRICT_PROTOTYPES = YES;
				CLANG_WARN_SUSPICIOUS_MOVE = YES;
				CLANG_WARN_UNGUARDED_AVAILABILITY = YES_AGGRESSIVE;
				CLANG_WARN_UNREACHABLE_CODE = YES;
				CLANG_WARN__DUPLICATE_METHOD_MATCH = YES;
				COPY_PHASE_STRIP = NO;
				DEBUG_INFORMATION_FORMAT = "dwarf-with-dsym";
				ENABLE_NS_ASSERTIONS = NO;
				ENABLE_STRICT_OBJC_MSGSEND = YES;
				GCC_C_LANGUAGE_STANDARD = gnu11;
				GCC_NO_COMMON_BLOCKS = YES;
				GCC_WARN_64_TO_32_BIT_CONVERSION = YES;
				GCC_WARN_ABOUT_RETURN_TYPE = YES_ERROR;
				GCC_WARN_UNDECLARED_SELECTOR = YES;
				GCC_WARN_UNINITIALIZED_AUTOS = YES_AGGRESSIVE;
				GCC_WARN_UNUSED_FUNCTION = YES;
				GCC_WARN_UNUSED_VARIABLE = YES;
				IPHONEOS_DEPLOYMENT_TARGET = 13.0;
				MTL_ENABLE_DEBUG_INFO = NO;
				MTL_FAST_MATH = YES;
				SDKROOT = iphoneos;
				SWIFT_COMPILATION_MODE = wholemodule;
				SWIFT_OPTIMIZATION_LEVEL = "-O";
				VALIDATE_PRODUCT = YES;
			};
			name = Release;
		};
		4EBCFE05241C81A7002F6644 /* Debug */ = {
			isa = XCBuildConfiguration;
			buildSettings = {
				ASSETCATALOG_COMPILER_APPICON_NAME = AppIcon;
				CODE_SIGN_IDENTITY = "Apple Development";
				CODE_SIGN_STYLE = Automatic;
				DEVELOPMENT_TEAM = DY577N78ZT;
				INFOPLIST_FILE = NewsAPI/Info.plist;
				IPHONEOS_DEPLOYMENT_TARGET = 13.0;
				LD_RUNPATH_SEARCH_PATHS = (
					"$(inherited)",
					"@executable_path/Frameworks",
				);
				PRODUCT_BUNDLE_IDENTIFIER = com.cuong.newsapi;
				PRODUCT_NAME = "$(TARGET_NAME)";
				PROVISIONING_PROFILE_SPECIFIER = "";
				SWIFT_VERSION = 5.0;
				TARGETED_DEVICE_FAMILY = "1,2";
			};
			name = Debug;
		};
		4EBCFE06241C81A7002F6644 /* Release */ = {
			isa = XCBuildConfiguration;
			buildSettings = {
				ASSETCATALOG_COMPILER_APPICON_NAME = AppIcon;
				CODE_SIGN_IDENTITY = "Apple Development";
				CODE_SIGN_STYLE = Automatic;
				DEVELOPMENT_TEAM = DY577N78ZT;
				INFOPLIST_FILE = NewsAPI/Info.plist;
				IPHONEOS_DEPLOYMENT_TARGET = 13.0;
				LD_RUNPATH_SEARCH_PATHS = (
					"$(inherited)",
					"@executable_path/Frameworks",
				);
				PRODUCT_BUNDLE_IDENTIFIER = Cuong.NewsAPI;
				PRODUCT_NAME = "$(TARGET_NAME)";
				PROVISIONING_PROFILE_SPECIFIER = "";
				SWIFT_VERSION = 5.0;
				TARGETED_DEVICE_FAMILY = "1,2";
			};
			name = Release;
		};
		4EBCFE08241C81A7002F6644 /* Debug */ = {
			isa = XCBuildConfiguration;
			buildSettings = {
				ALWAYS_EMBED_SWIFT_STANDARD_LIBRARIES = YES;
				BUNDLE_LOADER = "$(TEST_HOST)";
				CODE_SIGN_STYLE = Automatic;
				INFOPLIST_FILE = NewsAPITests/Info.plist;
				IPHONEOS_DEPLOYMENT_TARGET = 13.2;
				LD_RUNPATH_SEARCH_PATHS = (
					"$(inherited)",
					"@executable_path/Frameworks",
					"@loader_path/Frameworks",
				);
				PRODUCT_BUNDLE_IDENTIFIER = Cuong.NewsAPITests;
				PRODUCT_NAME = "$(TARGET_NAME)";
				SWIFT_VERSION = 5.0;
				TARGETED_DEVICE_FAMILY = "1,2";
				TEST_HOST = "$(BUILT_PRODUCTS_DIR)/NewsAPI.app/NewsAPI";
			};
			name = Debug;
		};
		4EBCFE09241C81A7002F6644 /* Release */ = {
			isa = XCBuildConfiguration;
			buildSettings = {
				ALWAYS_EMBED_SWIFT_STANDARD_LIBRARIES = YES;
				BUNDLE_LOADER = "$(TEST_HOST)";
				CODE_SIGN_STYLE = Automatic;
				INFOPLIST_FILE = NewsAPITests/Info.plist;
				IPHONEOS_DEPLOYMENT_TARGET = 13.2;
				LD_RUNPATH_SEARCH_PATHS = (
					"$(inherited)",
					"@executable_path/Frameworks",
					"@loader_path/Frameworks",
				);
				PRODUCT_BUNDLE_IDENTIFIER = Cuong.NewsAPITests;
				PRODUCT_NAME = "$(TARGET_NAME)";
				SWIFT_VERSION = 5.0;
				TARGETED_DEVICE_FAMILY = "1,2";
				TEST_HOST = "$(BUILT_PRODUCTS_DIR)/NewsAPI.app/NewsAPI";
			};
			name = Release;
		};
		4EBCFE0B241C81A7002F6644 /* Debug */ = {
			isa = XCBuildConfiguration;
			buildSettings = {
				ALWAYS_EMBED_SWIFT_STANDARD_LIBRARIES = YES;
				CODE_SIGN_STYLE = Automatic;
				INFOPLIST_FILE = NewsAPIUITests/Info.plist;
				LD_RUNPATH_SEARCH_PATHS = (
					"$(inherited)",
					"@executable_path/Frameworks",
					"@loader_path/Frameworks",
				);
				PRODUCT_BUNDLE_IDENTIFIER = Cuong.NewsAPIUITests;
				PRODUCT_NAME = "$(TARGET_NAME)";
				SWIFT_VERSION = 5.0;
				TARGETED_DEVICE_FAMILY = "1,2";
				TEST_TARGET_NAME = NewsAPI;
			};
			name = Debug;
		};
		4EBCFE0C241C81A7002F6644 /* Release */ = {
			isa = XCBuildConfiguration;
			buildSettings = {
				ALWAYS_EMBED_SWIFT_STANDARD_LIBRARIES = YES;
				CODE_SIGN_STYLE = Automatic;
				INFOPLIST_FILE = NewsAPIUITests/Info.plist;
				LD_RUNPATH_SEARCH_PATHS = (
					"$(inherited)",
					"@executable_path/Frameworks",
					"@loader_path/Frameworks",
				);
				PRODUCT_BUNDLE_IDENTIFIER = Cuong.NewsAPIUITests;
				PRODUCT_NAME = "$(TARGET_NAME)";
				SWIFT_VERSION = 5.0;
				TARGETED_DEVICE_FAMILY = "1,2";
				TEST_TARGET_NAME = NewsAPI;
			};
			name = Release;
		};
/* End XCBuildConfiguration section */

/* Begin XCConfigurationList section */
		4EBCFDD3241C81A6002F6644 /* Build configuration list for PBXProject "NewsAPI" */ = {
			isa = XCConfigurationList;
			buildConfigurations = (
				4EBCFE02241C81A7002F6644 /* Debug */,
				4EBCFE03241C81A7002F6644 /* Release */,
			);
			defaultConfigurationIsVisible = 0;
			defaultConfigurationName = Release;
		};
		4EBCFE04241C81A7002F6644 /* Build configuration list for PBXNativeTarget "NewsAPI" */ = {
			isa = XCConfigurationList;
			buildConfigurations = (
				4EBCFE05241C81A7002F6644 /* Debug */,
				4EBCFE06241C81A7002F6644 /* Release */,
			);
			defaultConfigurationIsVisible = 0;
			defaultConfigurationName = Release;
		};
		4EBCFE07241C81A7002F6644 /* Build configuration list for PBXNativeTarget "NewsAPITests" */ = {
			isa = XCConfigurationList;
			buildConfigurations = (
				4EBCFE08241C81A7002F6644 /* Debug */,
				4EBCFE09241C81A7002F6644 /* Release */,
			);
			defaultConfigurationIsVisible = 0;
			defaultConfigurationName = Release;
		};
		4EBCFE0A241C81A7002F6644 /* Build configuration list for PBXNativeTarget "NewsAPIUITests" */ = {
			isa = XCConfigurationList;
			buildConfigurations = (
				4EBCFE0B241C81A7002F6644 /* Debug */,
				4EBCFE0C241C81A7002F6644 /* Release */,
			);
			defaultConfigurationIsVisible = 0;
			defaultConfigurationName = Release;
		};
/* End XCConfigurationList section */

/* Begin XCRemoteSwiftPackageReference section */
		4EBCFE14241C883E002F6644 /* XCRemoteSwiftPackageReference "RxAlamofire" */ = {
			isa = XCRemoteSwiftPackageReference;
			repositoryURL = "https://github.com/RxSwiftCommunity/RxAlamofire.git";
			requirement = {
				kind = upToNextMajorVersion;
				minimumVersion = 5.1.0;
			};
		};
		4EBCFE17241C88AC002F6644 /* XCRemoteSwiftPackageReference "Kingfisher" */ = {
			isa = XCRemoteSwiftPackageReference;
			repositoryURL = "https://github.com/onevcat/Kingfisher.git";
			requirement = {
				kind = upToNextMajorVersion;
				minimumVersion = 5.13.2;
			};
		};
/* End XCRemoteSwiftPackageReference section */

/* Begin XCSwiftPackageProductDependency section */
		4EBCFE15241C883E002F6644 /* RxAlamofire */ = {
			isa = XCSwiftPackageProductDependency;
			package = 4EBCFE14241C883E002F6644 /* XCRemoteSwiftPackageReference "RxAlamofire" */;
			productName = RxAlamofire;
		};
		4EBCFE18241C88AC002F6644 /* Kingfisher */ = {
			isa = XCSwiftPackageProductDependency;
			package = 4EBCFE17241C88AC002F6644 /* XCRemoteSwiftPackageReference "Kingfisher" */;
			productName = Kingfisher;
		};
/* End XCSwiftPackageProductDependency section */
	};
	rootObject = 4EBCFDD0241C81A6002F6644 /* Project object */;
}
